{
  "lockfile_version": "1",
  "packages": {
    "act@latest": {
      "last_modified": "2025-03-16T16:17:41Z",
      "resolved": "github:NixOS/nixpkgs/8f76cf16b17c51ae0cc8e55488069593f6dab645#act",
      "source": "devbox-search",
      "version": "0.2.75",
      "systems": {
        "aarch64-darwin": {
          "outputs": [
            {
              "name": "out",
              "path": "/nix/store/k8pmyv6mzsny8hzffnb3xs0iv8bfj5y2-act-0.2.75",
              "default": true
            }
          ],
          "store_path": "/nix/store/k8pmyv6mzsny8hzffnb3xs0iv8bfj5y2-act-0.2.75"
        },
        "aarch64-linux": {
          "outputs": [
            {
              "name": "out",
              "path": "/nix/store/s6l244rv3j2a28n5c1fzznjbp1phsicy-act-0.2.75",
              "default": true
            }
          ],
          "store_path": "/nix/store/s6l244rv3j2a28n5c1fzznjbp1phsicy-act-0.2.75"
        },
        "x86_64-darwin": {
          "outputs": [
            {
              "name": "out",
              "path": "/nix/store/j2mvzys9389h575mn5wml8jv6ji29d49-act-0.2.75",
              "default": true
            }
          ],
          "store_path": "/nix/store/j2mvzys9389h575mn5wml8jv6ji29d49-act-0.2.75"
        },
        "x86_64-linux": {
          "outputs": [
            {
              "name": "out",
              "path": "/nix/store/qc48irp0s32rx3n326f0iplh7q9ik4jj-act-0.2.75",
              "default": true
            }
          ],
          "store_path": "/nix/store/qc48irp0s32rx3n326f0iplh7q9ik4jj-act-0.2.75"
        }
      }
    },
    "civo@latest": {
      "last_modified": "2025-03-20T07:39:01Z",
      "resolved": "github:NixOS/nixpkgs/7344a3b78128f7b1765dba89060b015fb75431a7#civo",
      "source": "devbox-search",
      "version": "1.1.98",
      "systems": {
        "aarch64-darwin": {
          "outputs": [
            {
              "name": "out",
              "path": "/nix/store/6c58f8p1l8wi2nizhswyh502iqxxiqrb-civo-1.1.98",
              "default": true
            }
          ],
          "store_path": "/nix/store/6c58f8p1l8wi2nizhswyh502iqxxiqrb-civo-1.1.98"
        },
        "aarch64-linux": {
          "outputs": [
            {
              "name": "out",
              "path": "/nix/store/89a8szavzkaw6kyqqc1hpvkdcm5366w4-civo-1.1.98",
              "default": true
            }
          ],
          "store_path": "/nix/store/89a8szavzkaw6kyqqc1hpvkdcm5366w4-civo-1.1.98"
        },
        "x86_64-darwin": {
          "outputs": [
            {
              "name": "out",
              "path": "/nix/store/d0fbkk2knngliisp59bfc0sc6npls1bc-civo-1.1.98",
              "default": true
            }
          ],
          "store_path": "/nix/store/d0fbkk2knngliisp59bfc0sc6npls1bc-civo-1.1.98"
        },
        "x86_64-linux": {
          "outputs": [
            {
              "name": "out",
              "path": "/nix/store/znhszbiljw1lwv5qqhaz3wc9snfxrwa5-civo-1.1.98",
              "default": true
            }
          ],
          "store_path": "/nix/store/znhszbiljw1lwv5qqhaz3wc9snfxrwa5-civo-1.1.98"
        }
      }
    },
    "envsubst@latest": {
      "last_modified": "2025-03-13T11:38:39Z",
      "resolved": "github:NixOS/nixpkgs/573c650e8a14b2faa0041645ab18aed7e60f0c9a#envsubst",
      "source": "devbox-search",
      "version": "1.4.3",
      "systems": {
        "aarch64-darwin": {
          "outputs": [
            {
              "name": "out",
              "path": "/nix/store/7mjq4k1cml69mlzs6s8angvrlmimg46l-envsubst-1.4.3",
              "default": true
            }
          ],
          "store_path": "/nix/store/7mjq4k1cml69mlzs6s8angvrlmimg46l-envsubst-1.4.3"
        },
        "aarch64-linux": {
          "outputs": [
            {
              "name": "out",
              "path": "/nix/store/525gfxbch1hcbm3dayxhjbi6pz8wbjgn-envsubst-1.4.3",
              "default": true
            }
          ],
          "store_path": "/nix/store/525gfxbch1hcbm3dayxhjbi6pz8wbjgn-envsubst-1.4.3"
        },
        "x86_64-darwin": {
          "outputs": [
            {
              "name": "out",
              "path": "/nix/store/1kv0wdd1cpgcixhqcjl9pk426fin7r91-envsubst-1.4.3",
              "default": true
            }
          ],
          "store_path": "/nix/store/1kv0wdd1cpgcixhqcjl9pk426fin7r91-envsubst-1.4.3"
        },
        "x86_64-linux": {
          "outputs": [
            {
              "name": "out",
              "path": "/nix/store/mrd7mba205x134jq7ghcmi19rbr8clxj-envsubst-1.4.3",
              "default": true
            }
          ],
          "store_path": "/nix/store/mrd7mba205x134jq7ghcmi19rbr8clxj-envsubst-1.4.3"
        }
      }
    },
    "gh@latest": {
      "last_modified": "2025-03-20T07:39:01Z",
      "resolved": "github:NixOS/nixpkgs/7344a3b78128f7b1765dba89060b015fb75431a7#gh",
      "source": "devbox-search",
      "version": "2.69.0",
      "systems": {
        "aarch64-darwin": {
          "outputs": [
            {
              "name": "out",
              "path": "/nix/store/6s2865gwdm3hgcds6a3r3nyqwclj80nx-gh-2.69.0",
              "default": true
            }
          ],
          "store_path": "/nix/store/6s2865gwdm3hgcds6a3r3nyqwclj80nx-gh-2.69.0"
        },
        "aarch64-linux": {
          "outputs": [
            {
              "name": "out",
              "path": "/nix/store/j3p8s8lqhqqc6kg3w8khcgnfh9isf4py-gh-2.69.0",
              "default": true
            }
          ],
          "store_path": "/nix/store/j3p8s8lqhqqc6kg3w8khcgnfh9isf4py-gh-2.69.0"
        },
        "x86_64-darwin": {
          "outputs": [
            {
              "name": "out",
              "path": "/nix/store/1nk3pd01m0mqgssimdzps9c3qvw76yj4-gh-2.69.0",
              "default": true
            }
          ],
          "store_path": "/nix/store/1nk3pd01m0mqgssimdzps9c3qvw76yj4-gh-2.69.0"
        },
        "x86_64-linux": {
          "outputs": [
            {
              "name": "out",
              "path": "/nix/store/31kf4bsi4cwm60p6v2cpfagd2qrvmflr-gh-2.69.0",
              "default": true
            }
          ],
          "store_path": "/nix/store/31kf4bsi4cwm60p6v2cpfagd2qrvmflr-gh-2.69.0"
        }
      }
    },
    "github:NixOS/nixpkgs/nixpkgs-unstable": {
      "resolved": "github:NixOS/nixpkgs/b7ba7f9f45c5cd0d8625e9e217c28f8eb6a19a76?lastModified=1743568003&narHash=sha256-ZID5T65E8ruHqWRcdvZLsczWDOAWIE7om%2BvQOREwiX0%3D"
    },
    "go-task@latest": {
      "last_modified": "2025-03-11T17:52:14Z",
      "resolved": "github:NixOS/nixpkgs/0d534853a55b5d02a4ababa1d71921ce8f0aee4c#go-task",
      "source": "devbox-search",
      "version": "3.41.0",
      "systems": {
        "aarch64-darwin": {
          "outputs": [
            {
              "name": "out",
              "path": "/nix/store/kgfbhsp4ixr3kl5m2vhciw8v13czfml6-go-task-3.41.0",
              "default": true
            }
          ],
          "store_path": "/nix/store/kgfbhsp4ixr3kl5m2vhciw8v13czfml6-go-task-3.41.0"
        },
        "aarch64-linux": {
          "outputs": [
            {
              "name": "out",
              "path": "/nix/store/sr9j2rbzia0hq62k5gkwhk0bcmb14ywh-go-task-3.41.0",
              "default": true
            }
          ],
          "store_path": "/nix/store/sr9j2rbzia0hq62k5gkwhk0bcmb14ywh-go-task-3.41.0"
        },
        "x86_64-darwin": {
          "outputs": [
            {
              "name": "out",
              "path": "/nix/store/zgj5m7kkmkml6yg3v4xy0m7ln95z03s3-go-task-3.41.0",
              "default": true
            }
          ],
          "store_path": "/nix/store/zgj5m7kkmkml6yg3v4xy0m7ln95z03s3-go-task-3.41.0"
        },
        "x86_64-linux": {
          "outputs": [
            {
              "name": "out",
              "path": "/nix/store/5q8536rllwzmf8gf6h0jw678pxy7ndbx-go-task-3.41.0",
              "default": true
            }
          ],
          "store_path": "/nix/store/5q8536rllwzmf8gf6h0jw678pxy7ndbx-go-task-3.41.0"
        }
      }
    },
    "go@latest": {
      "last_modified": "2025-03-11T17:52:14Z",
      "resolved": "github:NixOS/nixpkgs/0d534853a55b5d02a4ababa1d71921ce8f0aee4c#go",
      "source": "devbox-search",
      "version": "1.24.1",
      "systems": {
        "aarch64-darwin": {
          "outputs": [
            {
              "name": "out",
              "path": "/nix/store/ja4jxx60lh1qfqfl4z4p2rff56ia1c3c-go-1.24.1",
              "default": true
            }
          ],
          "store_path": "/nix/store/ja4jxx60lh1qfqfl4z4p2rff56ia1c3c-go-1.24.1"
        },
        "aarch64-linux": {
          "outputs": [
            {
              "name": "out",
              "path": "/nix/store/8ply43gnxk1xwichr81mpgbjcd9a1y5w-go-1.24.1",
              "default": true
            }
          ],
          "store_path": "/nix/store/8ply43gnxk1xwichr81mpgbjcd9a1y5w-go-1.24.1"
        },
        "x86_64-darwin": {
          "outputs": [
            {
              "name": "out",
              "path": "/nix/store/87yxrfx5lh78bdz393i33cr5z23x06q4-go-1.24.1",
              "default": true
            }
          ],
          "store_path": "/nix/store/87yxrfx5lh78bdz393i33cr5z23x06q4-go-1.24.1"
        },
        "x86_64-linux": {
          "outputs": [
            {
              "name": "out",
              "path": "/nix/store/cfjhl0kn7xc65466pha9fkrvigw3g72n-go-1.24.1",
              "default": true
            }
          ],
          "store_path": "/nix/store/cfjhl0kn7xc65466pha9fkrvigw3g72n-go-1.24.1"
        }
      }
    },
    "google-cloud-sdk@latest": {
      "last_modified": "2025-03-25T17:32:05Z",
      "resolved": "github:NixOS/nixpkgs/25d1b84f5c90632a623c48d83a2faf156451e6b1#google-cloud-sdk",
      "source": "devbox-search",
      "version": "515.0.0",
      "systems": {
        "aarch64-darwin": {
          "outputs": [
            {
              "name": "out",
              "path": "/nix/store/hxczn15kq3sql7ln18f6nh9vx605l52a-google-cloud-sdk-515.0.0",
              "default": true
            }
          ],
          "store_path": "/nix/store/hxczn15kq3sql7ln18f6nh9vx605l52a-google-cloud-sdk-515.0.0"
        },
        "aarch64-linux": {
          "outputs": [
            {
              "name": "out",
              "path": "/nix/store/mn6fdq24272mq2fkvjxzl96gbb2c6wpv-google-cloud-sdk-515.0.0",
              "default": true
            }
          ],
          "store_path": "/nix/store/mn6fdq24272mq2fkvjxzl96gbb2c6wpv-google-cloud-sdk-515.0.0"
        },
        "x86_64-darwin": {
          "outputs": [
            {
              "name": "out",
              "path": "/nix/store/kb6pgs1pmbf0jxxbzzmhjrdbkjqxrqg9-google-cloud-sdk-515.0.0",
              "default": true
            }
          ],
          "store_path": "/nix/store/kb6pgs1pmbf0jxxbzzmhjrdbkjqxrqg9-google-cloud-sdk-515.0.0"
        },
        "x86_64-linux": {
          "outputs": [
            {
              "name": "out",
              "path": "/nix/store/nyis1gj6479d3r6fvn0vw7s83g731h7h-google-cloud-sdk-515.0.0",
              "default": true
            }
          ],
          "store_path": "/nix/store/nyis1gj6479d3r6fvn0vw7s83g731h7h-google-cloud-sdk-515.0.0"
        }
      }
    },
    "gum@latest": {
      "last_modified": "2025-03-23T05:31:05Z",
      "resolved": "github:NixOS/nixpkgs/dd613136ee91f67e5dba3f3f41ac99ae89c5406b#gum",
      "source": "devbox-search",
      "version": "0.16.0",
      "systems": {
        "aarch64-darwin": {
          "outputs": [
            {
              "name": "out",
              "path": "/nix/store/kwkfj9ifihlfzv7damvf0x42w1l904ld-gum-0.16.0",
              "default": true
            }
          ],
          "store_path": "/nix/store/kwkfj9ifihlfzv7damvf0x42w1l904ld-gum-0.16.0"
        },
        "aarch64-linux": {
          "outputs": [
            {
              "name": "out",
              "path": "/nix/store/fflgnfjyizrfp3kb9kg1rb13zh8iqgpa-gum-0.16.0",
              "default": true
            }
          ],
          "store_path": "/nix/store/fflgnfjyizrfp3kb9kg1rb13zh8iqgpa-gum-0.16.0"
        },
        "x86_64-darwin": {
          "outputs": [
            {
              "name": "out",
              "path": "/nix/store/854g6bmylzpaz7s1xdccfq9x2xkx6fcc-gum-0.16.0",
              "default": true
            }
          ],
          "store_path": "/nix/store/854g6bmylzpaz7s1xdccfq9x2xkx6fcc-gum-0.16.0"
        },
        "x86_64-linux": {
          "outputs": [
            {
              "name": "out",
              "path": "/nix/store/nr5f79bif524lvnd1ynlpag9bgc0ipph-gum-0.16.0",
              "default": true
            }
          ],
          "store_path": "/nix/store/nr5f79bif524lvnd1ynlpag9bgc0ipph-gum-0.16.0"
        }
      }
    },
    "jq@latest": {
      "last_modified": "2025-03-27T11:50:31Z",
      "resolved": "github:NixOS/nixpkgs/6c5963357f3c1c840201eda129a99d455074db04#jq",
      "source": "devbox-search",
      "version": "1.7.1",
      "systems": {
        "aarch64-darwin": {
          "outputs": [
            {
              "name": "bin",
              "path": "/nix/store/6njxc4ma96r9qc88scwsmnh64a086yrn-jq-1.7.1-bin",
              "default": true
            },
            {
              "name": "man",
              "path": "/nix/store/806zwhmy9qkp695x9y4c373fpcz8ql7i-jq-1.7.1-man",
              "default": true
            },
            {
              "name": "out",
              "path": "/nix/store/7h4z72g5bpfwcnmc0a77x3aqp8vg0h0f-jq-1.7.1"
            },
            {
              "name": "dev",
              "path": "/nix/store/haxb6i05p1ganzinkzk3xib7d8zg2zzd-jq-1.7.1-dev"
            },
            {
              "name": "doc",
              "path": "/nix/store/d1ij699i2mbwix1my3b8k7ckfykhrp1m-jq-1.7.1-doc"
            }
          ],
          "store_path": "/nix/store/6njxc4ma96r9qc88scwsmnh64a086yrn-jq-1.7.1-bin"
        },
        "aarch64-linux": {
          "outputs": [
            {
              "name": "bin",
              "path": "/nix/store/xv6l5qpmjm1cm1v519d3zzx72givc912-jq-1.7.1-bin",
              "default": true
            },
            {
              "name": "man",
              "path": "/nix/store/pbq5gvwvgbfx0njjvx7zaijhn9jxgv9j-jq-1.7.1-man",
              "default": true
            },
            {
              "name": "out",
              "path": "/nix/store/dr03sim3pqyxh2aakwzmp19l54alic6c-jq-1.7.1"
            },
            {
              "name": "dev",
              "path": "/nix/store/79rh194hlm4y033ry74mhm5c1gzhicxh-jq-1.7.1-dev"
            },
            {
              "name": "doc",
              "path": "/nix/store/58k6ajhi376snpa2qx9nmismqwr23fi6-jq-1.7.1-doc"
            }
          ],
          "store_path": "/nix/store/xv6l5qpmjm1cm1v519d3zzx72givc912-jq-1.7.1-bin"
        },
        "x86_64-darwin": {
          "outputs": [
            {
              "name": "bin",
              "path": "/nix/store/8xh7an43y0xkawgf0pb7mxvcr20l17qh-jq-1.7.1-bin",
              "default": true
            },
            {
              "name": "man",
              "path": "/nix/store/72iz7d48dslq7dlba92f72gcqiwy1bnv-jq-1.7.1-man",
              "default": true
            },
            {
              "name": "dev",
              "path": "/nix/store/x1rvxbvad0bkmrb849likb36kp44p6k3-jq-1.7.1-dev"
            },
            {
              "name": "doc",
              "path": "/nix/store/y7riwf6jr799jvd9v8aj5626ix6w4s6v-jq-1.7.1-doc"
            },
            {
              "name": "out",
              "path": "/nix/store/yv3i7vxi014xhly4dv8lkgh05p2n5wsy-jq-1.7.1"
            }
          ],
          "store_path": "/nix/store/8xh7an43y0xkawgf0pb7mxvcr20l17qh-jq-1.7.1-bin"
        },
        "x86_64-linux": {
          "outputs": [
            {
              "name": "bin",
              "path": "/nix/store/gpxsdrrd4x93fs75395vr2dfys1ki9mq-jq-1.7.1-bin",
              "default": true
            },
            {
              "name": "man",
              "path": "/nix/store/0h33kdarki6bp6pwf7xc5rzjnx8ky4j4-jq-1.7.1-man",
              "default": true
            },
            {
              "name": "doc",
              "path": "/nix/store/nhg3x57268kb3q1021w3m002xxqpj50w-jq-1.7.1-doc"
            },
            {
              "name": "out",
              "path": "/nix/store/ma6hybrgazb471pd53mwnvh1vsv87cxb-jq-1.7.1"
            },
            {
              "name": "dev",
              "path": "/nix/store/ld8ys81ch5fj94j0jrwbkgwwjxmbwdxh-jq-1.7.1-dev"
            }
          ],
          "store_path": "/nix/store/gpxsdrrd4x93fs75395vr2dfys1ki9mq-jq-1.7.1-bin"
        }
      }
    },
    "k3sup@latest": {
      "last_modified": "2025-03-11T17:52:14Z",
      "resolved": "github:NixOS/nixpkgs/0d534853a55b5d02a4ababa1d71921ce8f0aee4c#k3sup",
      "source": "devbox-search",
      "version": "0.13.8",
      "systems": {
        "aarch64-darwin": {
          "outputs": [
            {
              "name": "out",
              "path": "/nix/store/gx4ar3qr6bsr6as9zymsbgah31m8v0jf-k3sup-0.13.8",
              "default": true
            }
          ],
          "store_path": "/nix/store/gx4ar3qr6bsr6as9zymsbgah31m8v0jf-k3sup-0.13.8"
        },
        "aarch64-linux": {
          "outputs": [
            {
              "name": "out",
              "path": "/nix/store/qyp9w3msp8cfad9wmg0jfgvhvx0m68fs-k3sup-0.13.8",
              "default": true
            }
          ],
          "store_path": "/nix/store/qyp9w3msp8cfad9wmg0jfgvhvx0m68fs-k3sup-0.13.8"
        },
        "x86_64-darwin": {
          "outputs": [
            {
              "name": "out",
              "path": "/nix/store/5vrn5csznv0g62553s6155n5jyaaj5mr-k3sup-0.13.8",
              "default": true
            }
          ],
          "store_path": "/nix/store/5vrn5csznv0g62553s6155n5jyaaj5mr-k3sup-0.13.8"
        },
        "x86_64-linux": {
          "outputs": [
            {
              "name": "out",
              "path": "/nix/store/cx9xpl2k3d9xfgz7lwg51wc8nw1xcxqb-k3sup-0.13.8",
              "default": true
            }
          ],
          "store_path": "/nix/store/cx9xpl2k3d9xfgz7lwg51wc8nw1xcxqb-k3sup-0.13.8"
        }
      }
    },
    "k9s@latest": {
      "last_modified": "2025-03-19T06:05:51Z",
      "resolved": "github:NixOS/nixpkgs/44e422ba8ed1bdec9620b0733601669972f91170#k9s",
      "source": "devbox-search",
      "version": "0.40.10",
      "systems": {
        "aarch64-darwin": {
          "outputs": [
            {
              "name": "out",
              "path": "/nix/store/c2pa1yiw32mailg012pp9mnrqz9578rw-k9s-0.40.10",
              "default": true
            }
          ],
          "store_path": "/nix/store/c2pa1yiw32mailg012pp9mnrqz9578rw-k9s-0.40.10"
        },
        "aarch64-linux": {
          "outputs": [
            {
              "name": "out",
              "path": "/nix/store/bc6da7fr0wj0niqm7dsqs3fsy0xqjnmc-k9s-0.40.10",
              "default": true
            }
          ],
          "store_path": "/nix/store/bc6da7fr0wj0niqm7dsqs3fsy0xqjnmc-k9s-0.40.10"
        },
        "x86_64-darwin": {
          "outputs": [
            {
              "name": "out",
              "path": "/nix/store/y351iddyl6gsdsbmm63npx5a8bxhrahd-k9s-0.40.10",
              "default": true
            }
          ],
          "store_path": "/nix/store/y351iddyl6gsdsbmm63npx5a8bxhrahd-k9s-0.40.10"
        },
        "x86_64-linux": {
          "outputs": [
            {
              "name": "out",
              "path": "/nix/store/vjz71svbgk1m77sb2cazzsk48gxz881n-k9s-0.40.10",
              "default": true
            }
          ],
          "store_path": "/nix/store/vjz71svbgk1m77sb2cazzsk48gxz881n-k9s-0.40.10"
        }
      }
    },
    "kind@latest": {
      "last_modified": "2025-03-11T17:52:14Z",
      "resolved": "github:NixOS/nixpkgs/0d534853a55b5d02a4ababa1d71921ce8f0aee4c#kind",
      "source": "devbox-search",
      "version": "0.27.0",
      "systems": {
        "aarch64-darwin": {
          "outputs": [
            {
              "name": "out",
              "path": "/nix/store/6pdsjczw3jrxfdms3vavbrszdn03z18h-kind-0.27.0",
              "default": true
            }
          ],
          "store_path": "/nix/store/6pdsjczw3jrxfdms3vavbrszdn03z18h-kind-0.27.0"
        },
        "aarch64-linux": {
          "outputs": [
            {
              "name": "out",
              "path": "/nix/store/a801y50y156y9wjywm0jc1yc101932h7-kind-0.27.0",
              "default": true
            }
          ],
          "store_path": "/nix/store/a801y50y156y9wjywm0jc1yc101932h7-kind-0.27.0"
        },
        "x86_64-darwin": {
          "outputs": [
            {
              "name": "out",
              "path": "/nix/store/s3q5xzg0hhbi23l424gwm91823qawlhz-kind-0.27.0",
              "default": true
            }
          ],
          "store_path": "/nix/store/s3q5xzg0hhbi23l424gwm91823qawlhz-kind-0.27.0"
        },
        "x86_64-linux": {
          "outputs": [
            {
              "name": "out",
              "path": "/nix/store/l1bwqbahw30drpmivzivl9w47c8gfj1c-kind-0.27.0",
              "default": true
            }
          ],
          "store_path": "/nix/store/l1bwqbahw30drpmivzivl9w47c8gfj1c-kind-0.27.0"
        }
      }
    },
    "kluctl@latest": {
      "last_modified": "2025-03-11T17:52:14Z",
      "resolved": "github:NixOS/nixpkgs/0d534853a55b5d02a4ababa1d71921ce8f0aee4c#kluctl",
      "source": "devbox-search",
      "version": "2.26.0",
      "systems": {
        "aarch64-darwin": {
          "outputs": [
            {
              "name": "out",
              "path": "/nix/store/rsd2gp9yn7zb10zwqaab4fnwrifdv2ws-kluctl-2.26.0",
              "default": true
            }
          ],
          "store_path": "/nix/store/rsd2gp9yn7zb10zwqaab4fnwrifdv2ws-kluctl-2.26.0"
        },
        "aarch64-linux": {
          "outputs": [
            {
              "name": "out",
              "path": "/nix/store/p9p2q37zw7cz480skf0f7avig2dbqff0-kluctl-2.26.0",
              "default": true
            }
          ],
          "store_path": "/nix/store/p9p2q37zw7cz480skf0f7avig2dbqff0-kluctl-2.26.0"
        },
        "x86_64-darwin": {
          "outputs": [
            {
              "name": "out",
              "path": "/nix/store/8g6873br03p20xh2g5kpcgsb19phb752-kluctl-2.26.0",
              "default": true
            }
          ],
          "store_path": "/nix/store/8g6873br03p20xh2g5kpcgsb19phb752-kluctl-2.26.0"
        },
        "x86_64-linux": {
          "outputs": [
            {
              "name": "out",
              "path": "/nix/store/gcw1fkk4n44680q35ym7dr58j13wsj3n-kluctl-2.26.0",
              "default": true
            }
          ],
          "store_path": "/nix/store/gcw1fkk4n44680q35ym7dr58j13wsj3n-kluctl-2.26.0"
        }
      }
    },
    "ko@latest": {
      "last_modified": "2025-03-11T17:52:14Z",
      "resolved": "github:NixOS/nixpkgs/0d534853a55b5d02a4ababa1d71921ce8f0aee4c#ko",
      "source": "devbox-search",
      "version": "0.15.4",
      "systems": {
        "aarch64-darwin": {
          "outputs": [
            {
              "name": "out",
              "path": "/nix/store/8hdcyizhzcz7wwzck6xpqk5r4cjwsvlc-ko-0.15.4",
              "default": true
            }
          ],
          "store_path": "/nix/store/8hdcyizhzcz7wwzck6xpqk5r4cjwsvlc-ko-0.15.4"
        },
        "aarch64-linux": {
          "outputs": [
            {
              "name": "out",
              "path": "/nix/store/p9j9967p5mc9l2y26pk1iv2xjcv4603w-ko-0.15.4",
              "default": true
            }
          ],
          "store_path": "/nix/store/p9j9967p5mc9l2y26pk1iv2xjcv4603w-ko-0.15.4"
        },
        "x86_64-darwin": {
          "outputs": [
            {
              "name": "out",
              "path": "/nix/store/4r7pa0ys5bgpckq5rmd4y22hwv1gwbgh-ko-0.15.4",
              "default": true
            }
          ],
          "store_path": "/nix/store/4r7pa0ys5bgpckq5rmd4y22hwv1gwbgh-ko-0.15.4"
        },
        "x86_64-linux": {
          "outputs": [
            {
              "name": "out",
              "path": "/nix/store/qnfz3c3zq9an62aaai0zz890pyd0yf6v-ko-0.15.4",
              "default": true
            }
          ],
          "store_path": "/nix/store/qnfz3c3zq9an62aaai0zz890pyd0yf6v-ko-0.15.4"
        }
      }
    },
    "kubectl@latest": {
      "last_modified": "2025-03-23T05:31:05Z",
      "resolved": "github:NixOS/nixpkgs/dd613136ee91f67e5dba3f3f41ac99ae89c5406b#kubectl",
      "source": "devbox-search",
      "version": "1.32.3",
      "systems": {
        "aarch64-darwin": {
          "outputs": [
            {
              "name": "out",
              "path": "/nix/store/7b2rpxkv6v4a29bk9dp4gqs57zhf9v9p-kubectl-1.32.3",
              "default": true
            },
            {
              "name": "man",
              "path": "/nix/store/rm3753bbn2kxmwyxy7rir8z80g71lrrx-kubectl-1.32.3-man",
              "default": true
            },
            {
              "name": "convert",
              "path": "/nix/store/fi6g9qi63p7ivvz3qsipfaxmym7qi623-kubectl-1.32.3-convert"
            }
          ],
          "store_path": "/nix/store/7b2rpxkv6v4a29bk9dp4gqs57zhf9v9p-kubectl-1.32.3"
        },
        "aarch64-linux": {
          "outputs": [
            {
              "name": "out",
              "path": "/nix/store/xxngczzyxq22m1i8pc9a57w16kzir33f-kubectl-1.32.3",
              "default": true
            },
            {
              "name": "man",
              "path": "/nix/store/n547iajzrqypmy89s5j2iyrdjn56fd5v-kubectl-1.32.3-man",
              "default": true
            },
            {
              "name": "convert",
              "path": "/nix/store/0frwvbmd2zxx2n1s7vw15cbdj7iw95js-kubectl-1.32.3-convert"
            }
          ],
          "store_path": "/nix/store/xxngczzyxq22m1i8pc9a57w16kzir33f-kubectl-1.32.3"
        },
        "x86_64-darwin": {
          "outputs": [
            {
              "name": "out",
              "path": "/nix/store/95lpgw52n8x18ams6bz9nm68sml870rs-kubectl-1.32.3",
              "default": true
            },
            {
              "name": "man",
              "path": "/nix/store/3ilj3sca004bmzi0kp2lwihbqb2j2j2l-kubectl-1.32.3-man",
              "default": true
            },
            {
              "name": "convert",
              "path": "/nix/store/k2wr9b02pgyj7r5fz959vxys2w3s4j5v-kubectl-1.32.3-convert"
            }
          ],
          "store_path": "/nix/store/95lpgw52n8x18ams6bz9nm68sml870rs-kubectl-1.32.3"
        },
        "x86_64-linux": {
          "outputs": [
            {
              "name": "out",
              "path": "/nix/store/yaqxnlxynfil1c6lvxfrnmh06yfqarn8-kubectl-1.32.3",
              "default": true
            },
            {
              "name": "man",
              "path": "/nix/store/xdh1fr0b4dnladi7dwa0q2vwf878g9qd-kubectl-1.32.3-man",
              "default": true
            },
            {
              "name": "convert",
              "path": "/nix/store/5x3bhl684w2lmpg7k5dl8rz1408ci32g-kubectl-1.32.3-convert"
            }
          ],
          "store_path": "/nix/store/yaqxnlxynfil1c6lvxfrnmh06yfqarn8-kubectl-1.32.3"
        }
      }
    },
    "kubectx@latest": {
      "last_modified": "2025-03-11T17:52:14Z",
      "resolved": "github:NixOS/nixpkgs/0d534853a55b5d02a4ababa1d71921ce8f0aee4c#kubectx",
      "source": "devbox-search",
      "version": "0.9.5",
      "systems": {
        "aarch64-darwin": {
          "outputs": [
            {
              "name": "out",
              "path": "/nix/store/mv4845y6a2m8vx6ivd44y019gw1m7x38-kubectx-0.9.5",
              "default": true
            }
          ],
          "store_path": "/nix/store/mv4845y6a2m8vx6ivd44y019gw1m7x38-kubectx-0.9.5"
        },
        "aarch64-linux": {
          "outputs": [
            {
              "name": "out",
              "path": "/nix/store/m8cfrxwxcggyj042axqw08p3dnw4f6ry-kubectx-0.9.5",
              "default": true
            }
          ],
          "store_path": "/nix/store/m8cfrxwxcggyj042axqw08p3dnw4f6ry-kubectx-0.9.5"
        },
        "x86_64-darwin": {
          "outputs": [
            {
              "name": "out",
              "path": "/nix/store/djkkgy209yfwsgdk53bdjakw16ry42n5-kubectx-0.9.5",
              "default": true
            }
          ],
          "store_path": "/nix/store/djkkgy209yfwsgdk53bdjakw16ry42n5-kubectx-0.9.5"
        },
        "x86_64-linux": {
          "outputs": [
            {
              "name": "out",
              "path": "/nix/store/k6glv3a3v4rfs4vlgra7mvvj3d2163d5-kubectx-0.9.5",
              "default": true
            }
          ],
          "store_path": "/nix/store/k6glv3a3v4rfs4vlgra7mvvj3d2163d5-kubectx-0.9.5"
        }
      }
    },
    "kubent@latest": {
      "last_modified": "2025-03-11T17:52:14Z",
      "resolved": "github:NixOS/nixpkgs/0d534853a55b5d02a4ababa1d71921ce8f0aee4c#kubent",
      "source": "devbox-search",
      "version": "0.7.3",
      "systems": {
        "aarch64-darwin": {
          "outputs": [
            {
              "name": "out",
              "path": "/nix/store/fscd420ihmpag3ins08npcig4i6v7fbr-kubent-0.7.3",
              "default": true
            }
          ],
          "store_path": "/nix/store/fscd420ihmpag3ins08npcig4i6v7fbr-kubent-0.7.3"
        },
        "aarch64-linux": {
          "outputs": [
            {
              "name": "out",
              "path": "/nix/store/mw4imb5bzhbx8jrywdnawc2l5drfdlrr-kubent-0.7.3",
              "default": true
            }
          ],
          "store_path": "/nix/store/mw4imb5bzhbx8jrywdnawc2l5drfdlrr-kubent-0.7.3"
        },
        "x86_64-darwin": {
          "outputs": [
            {
              "name": "out",
              "path": "/nix/store/2wdl8584rfj6ilav4w1aylwm684vcacy-kubent-0.7.3",
              "default": true
            }
          ],
          "store_path": "/nix/store/2wdl8584rfj6ilav4w1aylwm684vcacy-kubent-0.7.3"
        },
        "x86_64-linux": {
          "outputs": [
            {
              "name": "out",
              "path": "/nix/store/hpbsrzccvbar23zqr939zisp7zaczh6k-kubent-0.7.3",
              "default": true
            }
          ],
          "store_path": "/nix/store/hpbsrzccvbar23zqr939zisp7zaczh6k-kubent-0.7.3"
        }
      }
    },
    "kubernetes-helm@latest": {
      "last_modified": "2025-03-16T16:17:41Z",
      "resolved": "github:NixOS/nixpkgs/8f76cf16b17c51ae0cc8e55488069593f6dab645#kubernetes-helm",
      "source": "devbox-search",
      "version": "3.17.2",
      "systems": {
        "aarch64-darwin": {
          "outputs": [
            {
              "name": "out",
              "path": "/nix/store/0zb6130k4msbr1dnjh3bi8h0930mdzfi-kubernetes-helm-3.17.2",
              "default": true
            }
          ],
          "store_path": "/nix/store/0zb6130k4msbr1dnjh3bi8h0930mdzfi-kubernetes-helm-3.17.2"
        },
        "aarch64-linux": {
          "outputs": [
            {
              "name": "out",
              "path": "/nix/store/j3rj0k8ry052m17gk81cab5fp39jnxb1-kubernetes-helm-3.17.2",
              "default": true
            }
          ],
          "store_path": "/nix/store/j3rj0k8ry052m17gk81cab5fp39jnxb1-kubernetes-helm-3.17.2"
        },
        "x86_64-darwin": {
          "outputs": [
            {
              "name": "out",
              "path": "/nix/store/r10crkfz1nfn5yq18670jbsbjf09l4fg-kubernetes-helm-3.17.2",
              "default": true
            }
          ],
          "store_path": "/nix/store/r10crkfz1nfn5yq18670jbsbjf09l4fg-kubernetes-helm-3.17.2"
        },
        "x86_64-linux": {
          "outputs": [
            {
              "name": "out",
              "path": "/nix/store/0lhjm5b1k49rsirsrvsqasbrv1im6w6j-kubernetes-helm-3.17.2",
              "default": true
            }
          ],
          "store_path": "/nix/store/0lhjm5b1k49rsirsrvsqasbrv1im6w6j-kubernetes-helm-3.17.2"
        }
      }
    },
    "kustomize@latest": {
      "last_modified": "2025-03-11T17:52:14Z",
      "resolved": "github:NixOS/nixpkgs/0d534853a55b5d02a4ababa1d71921ce8f0aee4c#kustomize",
      "source": "devbox-search",
      "version": "5.6.0",
      "systems": {
        "aarch64-darwin": {
          "outputs": [
            {
              "name": "out",
              "path": "/nix/store/psv0pkib82866f7062hrmmmwc2i0csbf-kustomize-5.6.0",
              "default": true
            }
          ],
          "store_path": "/nix/store/psv0pkib82866f7062hrmmmwc2i0csbf-kustomize-5.6.0"
        },
        "aarch64-linux": {
          "outputs": [
            {
              "name": "out",
              "path": "/nix/store/xa8s3a4fafwl36a5kb2xwwph8w36rw6y-kustomize-5.6.0",
              "default": true
            }
          ],
          "store_path": "/nix/store/xa8s3a4fafwl36a5kb2xwwph8w36rw6y-kustomize-5.6.0"
        },
        "x86_64-darwin": {
          "outputs": [
            {
              "name": "out",
              "path": "/nix/store/rg8hri8d2q0p5d3aix7nb26nlsdrn60q-kustomize-5.6.0",
              "default": true
            }
          ],
          "store_path": "/nix/store/rg8hri8d2q0p5d3aix7nb26nlsdrn60q-kustomize-5.6.0"
        },
        "x86_64-linux": {
          "outputs": [
            {
              "name": "out",
              "path": "/nix/store/cwclm6315x1cn2kswzfhfcqp13qf44b0-kustomize-5.6.0",
              "default": true
            }
          ],
          "store_path": "/nix/store/cwclm6315x1cn2kswzfhfcqp13qf44b0-kustomize-5.6.0"
        }
      }
    },
    "nodejs_20@latest": {
      "last_modified": "2025-03-16T23:54:35Z",
      "plugin_version": "0.0.2",
      "resolved": "github:NixOS/nixpkgs/5d9b5431f967007b3952c057fc92af49a4c5f3b2#nodejs_20",
      "source": "devbox-search",
      "version": "20.19.0",
      "systems": {
        "aarch64-darwin": {
          "outputs": [
            {
              "name": "out",
              "path": "/nix/store/4i96rnl7hdzm3k3w36gx7d2p1af3b64q-nodejs-20.19.0",
              "default": true
            },
            {
              "name": "libv8",
              "path": "/nix/store/dvr6jyyhygpci5yj5mdl3p0xi2qcm02g-nodejs-20.19.0-libv8"
            }
          ],
          "store_path": "/nix/store/4i96rnl7hdzm3k3w36gx7d2p1af3b64q-nodejs-20.19.0"
        },
        "aarch64-linux": {
          "outputs": [
            {
              "name": "out",
              "path": "/nix/store/qz522zmsx441py29xy69sf5671bkhpj2-nodejs-20.19.0",
              "default": true
            },
            {
              "name": "libv8",
              "path": "/nix/store/7i02830b2pxlapzav6yyggymqmp6rk02-nodejs-20.19.0-libv8"
            }
          ],
          "store_path": "/nix/store/qz522zmsx441py29xy69sf5671bkhpj2-nodejs-20.19.0"
        },
        "x86_64-darwin": {
          "outputs": [
            {
              "name": "out",
              "path": "/nix/store/4k73p2z9h5rnfv9gal8n6m4srx5sggs8-nodejs-20.19.0",
              "default": true
            },
            {
              "name": "libv8",
              "path": "/nix/store/px89hqr3wcfk0w6146hf4171bvj4chgp-nodejs-20.19.0-libv8"
            }
          ],
          "store_path": "/nix/store/4k73p2z9h5rnfv9gal8n6m4srx5sggs8-nodejs-20.19.0"
        },
        "x86_64-linux": {
          "outputs": [
            {
              "name": "out",
              "path": "/nix/store/088a1y8kvrmvi7vm5ff67hg7c4hcnqg7-nodejs-20.19.0",
              "default": true
            },
            {
              "name": "libv8",
              "path": "/nix/store/njqqwr5311xmnm05ms3n7b8piwnyq7x1-nodejs-20.19.0-libv8"
            }
          ],
          "store_path": "/nix/store/088a1y8kvrmvi7vm5ff67hg7c4hcnqg7-nodejs-20.19.0"
        }
      }
    },
    "oras@latest": {
      "last_modified": "2025-03-11T17:52:14Z",
      "resolved": "github:NixOS/nixpkgs/0d534853a55b5d02a4ababa1d71921ce8f0aee4c#oras",
      "source": "devbox-search",
      "version": "1.2.2",
      "systems": {
        "aarch64-darwin": {
          "outputs": [
            {
              "name": "out",
              "path": "/nix/store/44vg1rg870hm8fv6i649rpws1hrv2n45-oras-1.2.2",
              "default": true
            }
          ],
          "store_path": "/nix/store/44vg1rg870hm8fv6i649rpws1hrv2n45-oras-1.2.2"
        },
        "aarch64-linux": {
          "outputs": [
            {
              "name": "out",
              "path": "/nix/store/vn84an275xya825ji0x4sgz3fqdx9lry-oras-1.2.2",
              "default": true
            }
          ],
          "store_path": "/nix/store/vn84an275xya825ji0x4sgz3fqdx9lry-oras-1.2.2"
        },
        "x86_64-darwin": {
          "outputs": [
            {
              "name": "out",
              "path": "/nix/store/im39xs9l81f3ws3p5wrh30saldz6fwh3-oras-1.2.2",
              "default": true
            }
          ],
          "store_path": "/nix/store/im39xs9l81f3ws3p5wrh30saldz6fwh3-oras-1.2.2"
        },
        "x86_64-linux": {
          "outputs": [
            {
              "name": "out",
              "path": "/nix/store/z8r6cdn8srgvb0w2dmbh5spk9k0krm9v-oras-1.2.2",
              "default": true
            }
          ],
          "store_path": "/nix/store/z8r6cdn8srgvb0w2dmbh5spk9k0krm9v-oras-1.2.2"
        }
      }
    },
    "poetry@latest": {
      "last_modified": "2025-03-22T01:19:59Z",
      "plugin_version": "0.0.4",
      "resolved": "github:NixOS/nixpkgs/0740f6f238767d4caf9afe774d3e88105766dfc6#poetry",
      "source": "devbox-search",
      "version": "2.1.1",
      "systems": {
        "aarch64-darwin": {
          "outputs": [
            {
              "name": "out",
              "path": "/nix/store/fh1c32rqps8fihjkmv368ym3psf1pdw0-python3.12-poetry-2.1.1",
              "default": true
            },
            {
              "name": "dist",
              "path": "/nix/store/3bqzgs564nwq81xfffz81dycxsw563hq-python3.12-poetry-2.1.1-dist"
            }
          ],
          "store_path": "/nix/store/fh1c32rqps8fihjkmv368ym3psf1pdw0-python3.12-poetry-2.1.1"
        },
        "aarch64-linux": {
          "outputs": [
            {
              "name": "out",
              "path": "/nix/store/pzyp21ympffxlp87djq40s4m0zf2m2p4-python3.12-poetry-2.1.1",
              "default": true
            },
            {
              "name": "dist",
              "path": "/nix/store/ak59zi20fij3nbwyxw5vbdc3kqq55vkr-python3.12-poetry-2.1.1-dist"
            }
          ],
          "store_path": "/nix/store/pzyp21ympffxlp87djq40s4m0zf2m2p4-python3.12-poetry-2.1.1"
        },
        "x86_64-darwin": {
          "outputs": [
            {
              "name": "out",
              "path": "/nix/store/h5gyii01nnrp7z6zaijdyhhsixpa1x87-python3.12-poetry-2.1.1",
              "default": true
            },
            {
              "name": "dist",
              "path": "/nix/store/km8al95rwj6dbas4db0z3vxanskdp2la-python3.12-poetry-2.1.1-dist"
            }
          ],
          "store_path": "/nix/store/h5gyii01nnrp7z6zaijdyhhsixpa1x87-python3.12-poetry-2.1.1"
        },
        "x86_64-linux": {
          "outputs": [
            {
              "name": "out",
              "path": "/nix/store/637d5yc5z3wn5pamfpdihri5q7j85wv5-python3.12-poetry-2.1.1",
              "default": true
            },
            {
              "name": "dist",
              "path": "/nix/store/dypj58qjw79v0823j44p7pyxf8vf2cmg-python3.12-poetry-2.1.1-dist"
            }
          ],
          "store_path": "/nix/store/637d5yc5z3wn5pamfpdihri5q7j85wv5-python3.12-poetry-2.1.1"
        }
      }
    },
    "python312@latest": {
      "last_modified": "2024-06-12T20:55:33Z",
      "plugin_version": "0.0.4",
      "resolved": "github:NixOS/nixpkgs/a9858885e197f984d92d7fe64e9fff6b2e488d40#python312",
      "source": "devbox-search",
      "version": "3.12.3",
      "systems": {
        "aarch64-darwin": {
          "outputs": [
            {
              "name": "out",
              "path": "/nix/store/65ackbgqn02p6fy75rksjbp17zj6440j-python3-3.12.3",
              "default": true
            }
          ],
          "store_path": "/nix/store/65ackbgqn02p6fy75rksjbp17zj6440j-python3-3.12.3"
        },
        "aarch64-linux": {
          "outputs": [
            {
              "name": "out",
              "path": "/nix/store/59siylp1k9i3ch4d9m3vs5jp5z56b5sg-python3-3.12.3",
              "default": true
            },
            {
              "name": "debug",
              "path": "/nix/store/ji094818a78hrkag26202b21nr5v1pgk-python3-3.12.3-debug"
            }
          ],
          "store_path": "/nix/store/59siylp1k9i3ch4d9m3vs5jp5z56b5sg-python3-3.12.3"
        },
        "x86_64-darwin": {
          "outputs": [
            {
              "name": "out",
              "path": "/nix/store/nrskm5p85y6751k02ih51bpzfag8g5r8-python3-3.12.3",
              "default": true
            }
          ],
          "store_path": "/nix/store/nrskm5p85y6751k02ih51bpzfag8g5r8-python3-3.12.3"
        },
        "x86_64-linux": {
          "outputs": [
            {
              "name": "out",
              "path": "/nix/store/zwvdwiw0zg5liz6lkkkqyab035parhld-python3-3.12.3",
              "default": true
            },
            {
              "name": "debug",
              "path": "/nix/store/wj6mffmpvly3md2hqnq2jj8zrrw5qck9-python3-3.12.3-debug"
            }
          ],
          "store_path": "/nix/store/zwvdwiw0zg5liz6lkkkqyab035parhld-python3-3.12.3"
        }
      }
    },
    "tilt@latest": {
      "last_modified": "2025-03-27T11:50:31Z",
      "resolved": "github:NixOS/nixpkgs/6c5963357f3c1c840201eda129a99d455074db04#tilt",
      "source": "devbox-search",
      "version": "0.33.21",
      "systems": {
        "aarch64-darwin": {
          "outputs": [
            {
              "name": "out",
              "path": "/nix/store/r2jqcg6k32hxw7zx8nbcr12zwf0nfz05-tilt-0.33.21",
              "default": true
            }
          ],
          "store_path": "/nix/store/r2jqcg6k32hxw7zx8nbcr12zwf0nfz05-tilt-0.33.21"
        },
        "aarch64-linux": {
          "outputs": [
            {
              "name": "out",
              "path": "/nix/store/w0g4zpps24qvzjbd5p27g25yj06mc2vr-tilt-0.33.21",
              "default": true
            }
          ],
          "store_path": "/nix/store/w0g4zpps24qvzjbd5p27g25yj06mc2vr-tilt-0.33.21"
        },
        "x86_64-darwin": {
          "outputs": [
            {
              "name": "out",
              "path": "/nix/store/v4pf2hfp7pbgz39b4h9dgxahjxrv135x-tilt-0.33.21",
              "default": true
            }
          ],
          "store_path": "/nix/store/v4pf2hfp7pbgz39b4h9dgxahjxrv135x-tilt-0.33.21"
        },
        "x86_64-linux": {
          "outputs": [
            {
              "name": "out",
              "path": "/nix/store/cqfgx75hyfbbjcpvw2l8rrq49lfjywdl-tilt-0.33.21",
              "default": true
            }
          ],
          "store_path": "/nix/store/cqfgx75hyfbbjcpvw2l8rrq49lfjywdl-tilt-0.33.21"
        }
      }
    },
    "yq-go@latest": {
      "last_modified": "2025-03-11T17:52:14Z",
      "resolved": "github:NixOS/nixpkgs/0d534853a55b5d02a4ababa1d71921ce8f0aee4c#yq-go",
      "source": "devbox-search",
      "version": "4.45.1",
      "systems": {
        "aarch64-darwin": {
          "outputs": [
            {
              "name": "out",
              "path": "/nix/store/m92kn50px5czhrjmcd9vq674bpkg3ykj-yq-go-4.45.1",
              "default": true
            }
          ],
          "store_path": "/nix/store/m92kn50px5czhrjmcd9vq674bpkg3ykj-yq-go-4.45.1"
        },
        "aarch64-linux": {
          "outputs": [
            {
              "name": "out",
              "path": "/nix/store/j3n9gm4f277ys5annkc9r8ds2mn1760d-yq-go-4.45.1",
              "default": true
            }
          ],
          "store_path": "/nix/store/j3n9gm4f277ys5annkc9r8ds2mn1760d-yq-go-4.45.1"
        },
        "x86_64-darwin": {
          "outputs": [
            {
              "name": "out",
              "path": "/nix/store/naa1j0ps9v9d51xf63j3r1y4rmslzyzx-yq-go-4.45.1",
              "default": true
            }
          ],
          "store_path": "/nix/store/naa1j0ps9v9d51xf63j3r1y4rmslzyzx-yq-go-4.45.1"
        },
        "x86_64-linux": {
          "outputs": [
            {
              "name": "out",
              "path": "/nix/store/r8lab8vdy98adpil6xvz716168dqx7kn-yq-go-4.45.1",
              "default": true
            }
          ],
          "store_path": "/nix/store/r8lab8vdy98adpil6xvz716168dqx7kn-yq-go-4.45.1"
        }
      }
    }
  }
}
